
Microsoft Visual Studio Solution File, Format Version 12.00
# Visual Studio Version 17
VisualStudioVersion = 17.4.33103.184
MinimumVisualStudioVersion = 10.0.40219.1
Project("{9A19103F-16F7-4668-BE54-9A1E7A4F7556}") = "WebServer", "WebServer\WebServer.csproj", "{40417C0B-A969-4101-9317-5E3E5D1BC297}"
EndProject
Project("{9A19103F-16F7-4668-BE54-9A1E7A4F7556}") = "Models", "Models\Models.csproj", "{5DEE39FD-0B6F-413E-B0F3-3E53878F3FDD}"
EndProject
Project("{9A19103F-16F7-4668-BE54-9A1E7A4F7556}") = "DataAccess", "DataAccess\DataAccess.csproj", "{F8B4A799-DE66-432B-9B7F-27CDAE143E08}"
EndProject
Project("{9A19103F-16F7-4668-BE54-9A1E7A4F7556}") = "Business", "Business\Business.csproj", "{F6E8D045-F20B-4238-9586-6314D344F1E4}"
EndProject
Project("{FAE04EC0-301F-11D3-BF4B-00C04F79EFBC}") = "Common", "Common\Common.csproj", "{4A3F192F-E7D3-4457-B70F-B10B304686F1}"
EndProject
Global
	GlobalSection(SolutionConfigurationPlatforms) = preSolution
		Debug|Any CPU = Debug|Any CPU
		Release|Any CPU = Release|Any CPU
	EndGlobalSection
	GlobalSection(ProjectConfigurationPlatforms) = postSolution
		{40417C0B-A969-4101-9317-5E3E5D1BC297}.Debug|Any CPU.ActiveCfg = Debug|Any CPU
		{40417C0B-A969-4101-9317-5E3E5D1BC297}.Debug|Any CPU.Build.0 = Debug|Any CPU
		{40417C0B-A969-4101-9317-5E3E5D1BC297}.Release|Any CPU.ActiveCfg = Release|Any CPU
		{40417C0B-A969-4101-9317-5E3E5D1BC297}.Release|Any CPU.Build.0 = Release|Any CPU
		{5DEE39FD-0B6F-413E-B0F3-3E53878F3FDD}.Debug|Any CPU.ActiveCfg = Debug|Any CPU
		{5DEE39FD-0B6F-413E-B0F3-3E53878F3FDD}.Debug|Any CPU.Build.0 = Debug|Any CPU
		{5DEE39FD-0B6F-413E-B0F3-3E53878F3FDD}.Release|Any CPU.ActiveCfg = Release|Any CPU
		{5DEE39FD-0B6F-413E-B0F3-3E53878F3FDD}.Release|Any CPU.Build.0 = Release|Any CPU
		{F8B4A799-DE66-432B-9B7F-27CDAE143E08}.Debug|Any CPU.ActiveCfg = Debug|Any CPU
		{F8B4A799-DE66-432B-9B7F-27CDAE143E08}.Debug|Any CPU.Build.0 = Debug|Any CPU
		{F8B4A799-DE66-432B-9B7F-27CDAE143E08}.Release|Any CPU.ActiveCfg = Release|Any CPU
		{F8B4A799-DE66-432B-9B7F-27CDAE143E08}.Release|Any CPU.Build.0 = Release|Any CPU
		{F6E8D045-F20B-4238-9586-6314D344F1E4}.Debug|Any CPU.ActiveCfg = Debug|Any CPU
		{F6E8D045-F20B-4238-9586-6314D344F1E4}.Debug|Any CPU.Build.0 = Debug|Any CPU
		{F6E8D045-F20B-4238-9586-6314D344F1E4}.Release|Any CPU.ActiveCfg = Release|Any CPU
		{F6E8D045-F20B-4238-9586-6314D344F1E4}.Release|Any CPU.Build.0 = Release|Any CPU
		{4A3F192F-E7D3-4457-B70F-B10B304686F1}.Debug|Any CPU.ActiveCfg = Debug|Any CPU
		{4A3F192F-E7D3-4457-B70F-B10B304686F1}.Debug|Any CPU.Build.0 = Debug|Any CPU
		{4A3F192F-E7D3-4457-B70F-B10B304686F1}.Release|Any CPU.ActiveCfg = Release|Any CPU
		{4A3F192F-E7D3-4457-B70F-B10B304686F1}.Release|Any CPU.Build.0 = Release|Any CPU
	EndGlobalSection
	GlobalSection(SolutionProperties) = preSolution
		HideSolutionNode = FALSE
	EndGlobalSection
	GlobalSection(ExtensibilityGlobals) = postSolution
		SolutionGuid = {D6DEED10-A63A-4C3C-A10A-DC7E7EF89CD4}
	EndGlobalSection
EndGlobal
